// !$*UTF8*$!
{
	archiveVersion = 1;
	classes = {
	};
	objectVersion = 46;
	objects = {

/* Begin PBXBuildFile section */
		3633C6031AE8D96C00CF18E2 /* main.m in Sources */ = {isa = PBXBuildFile; fileRef = 3633C6021AE8D96C00CF18E2 /* main.m */; };
		3633C6061AE8D96C00CF18E2 /* AppDelegate.m in Sources */ = {isa = PBXBuildFile; fileRef = 3633C6051AE8D96C00CF18E2 /* AppDelegate.m */; };
		3633C6091AE8D96C00CF18E2 /* ViewController.m in Sources */ = {isa = PBXBuildFile; fileRef = 3633C6081AE8D96C00CF18E2 /* ViewController.m */; };
		3633C60C1AE8D96C00CF18E2 /* Main.storyboard in Resources */ = {isa = PBXBuildFile; fileRef = 3633C60A1AE8D96C00CF18E2 /* Main.storyboard */; };
		3633C60E1AE8D96C00CF18E2 /* Images.xcassets in Resources */ = {isa = PBXBuildFile; fileRef = 3633C60D1AE8D96C00CF18E2 /* Images.xcassets */; };
		3633C6111AE8D96C00CF18E2 /* LaunchScreen.xib in Resources */ = {isa = PBXBuildFile; fileRef = 3633C60F1AE8D96C00CF18E2 /* LaunchScreen.xib */; };
		3633C61D1AE8D96C00CF18E2 /* MLSmoothCornerTests.m in Sources */ = {isa = PBXBuildFile; fileRef = 3633C61C1AE8D96C00CF18E2 /* MLSmoothCornerTests.m */; };
/* End PBXBuildFile section */

/* Begin PBXContainerItemProxy section */
		3633C6171AE8D96C00CF18E2 /* PBXContainerItemProxy */ = {
			isa = PBXContainerItemProxy;
			containerPortal = 3633C5F51AE8D96C00CF18E2 /* Project object */;
			proxyType = 1;
			remoteGlobalIDString = 3633C5FC1AE8D96C00CF18E2;
			remoteInfo = MLSmoothCorner;
		};
/* End PBXContainerItemProxy section */

/* Begin PBXFileReference section */
		3633C5FD1AE8D96C00CF18E2 /* MLSmoothCorner.app */ = {isa = PBXFileReference; explicitFileType = wrapper.application; includeInIndex = 0; path = MLSmoothCorner.app; sourceTree = BUILT_PRODUCTS_DIR; };
		3633C6011AE8D96C00CF18E2 /* Info.plist */ = {isa = PBXFileReference; lastKnownFileType = text.plist.xml; path = Info.plist; sourceTree = "<group>"; };
		3633C6021AE8D96C00CF18E2 /* main.m */ = {isa = PBXFileReference; lastKnownFileType = sourcecode.c.objc; path = main.m; sourceTree = "<group>"; };
		3633C6041AE8D96C00CF18E2 /* AppDelegate.h */ = {isa = PBXFileReference; lastKnownFileType = sourcecode.c.h; path = AppDelegate.h; sourceTree = "<group>"; };
		3633C6051AE8D96C00CF18E2 /* AppDelegate.m */ = {isa = PBXFileReference; lastKnownFileType = sourcecode.c.objc; path = AppDelegate.m; sourceTree = "<group>"; };
		3633C6071AE8D96C00CF18E2 /* ViewController.h */ = {isa = PBXFileReference; lastKnownFileType = sourcecode.c.h; path = ViewController.h; sourceTree = "<group>"; };
		3633C6081AE8D96C00CF18E2 /* ViewController.m */ = {isa = PBXFileReference; lastKnownFileType = sourcecode.c.objc; path = ViewController.m; sourceTree = "<group>"; };
		3633C60B1AE8D96C00CF18E2 /* Base */ = {isa = PBXFileReference; lastKnownFileType = file.storyboard; name = Base; path = Base.lproj/Main.storyboard; sourceTree = "<group>"; };
		3633C60D1AE8D96C00CF18E2 /* Images.xcassets */ = {isa = PBXFileReference; lastKnownFileType = folder.assetcatalog; path = Images.xcassets; sourceTree = "<group>"; };
		3633C6101AE8D96C00CF18E2 /* Base */ = {isa = PBXFileReference; lastKnownFileType = file.xib; name = Base; path = Base.lproj/LaunchScreen.xib; sourceTree = "<group>"; };
		3633C6161AE8D96C00CF18E2 /* MLSmoothCornerTests.xctest */ = {isa = PBXFileReference; explicitFileType = wrapper.cfbundle; includeInIndex = 0; path = MLSmoothCornerTests.xctest; sourceTree = BUILT_PRODUCTS_DIR; };
		3633C61B1AE8D96C00CF18E2 /* Info.plist */ = {isa = PBXFileReference; lastKnownFileType = text.plist.xml; path = Info.plist; sourceTree = "<group>"; };
		3633C61C1AE8D96C00CF18E2 /* MLSmoothCornerTests.m */ = {isa = PBXFileReference; lastKnownFileType = sourcecode.c.objc; path = MLSmoothCornerTests.m; sourceTree = "<group>"; };
/* End PBXFileReference section */

/* Begin PBXFrameworksBuildPhase section */
		3633C5FA1AE8D96C00CF18E2 /* Frameworks */ = {
			isa = PBXFrameworksBuildPhase;
			buildActionMask = 2147483647;
			files = (
			);
			runOnlyForDeploymentPostprocessing = 0;
		};
		3633C6131AE8D96C00CF18E2 /* Frameworks */ = {
			isa = PBXFrameworksBuildPhase;
			buildActionMask = 2147483647;
			files = (
			);
			runOnlyForDeploymentPostprocessing = 0;
		};
/* End PBXFrameworksBuildPhase section */

/* Begin PBXGroup section */
		3633C5F41AE8D96C00CF18E2 = {
			isa = PBXGroup;
			children = (
				3633C5FF1AE8D96C00CF18E2 /* MLSmoothCorner */,
				3633C6191AE8D96C00CF18E2 /* MLSmoothCornerTests */,
				3633C5FE1AE8D96C00CF18E2 /* Products */,
			);
			sourceTree = "<group>";
		};
		3633C5FE1AE8D96C00CF18E2 /* Products */ = {
			isa = PBXGroup;
			children = (
				3633C5FD1AE8D96C00CF18E2 /* MLSmoothCorner.app */,
				3633C6161AE8D96C00CF18E2 /* MLSmoothCornerTests.xctest */,
			);
			name = Products;
			sourceTree = "<group>";
		};
		3633C5FF1AE8D96C00CF18E2 /* MLSmoothCorner */ = {
			isa = PBXGroup;
			children = (
				3633C6041AE8D96C00CF18E2 /* AppDelegate.h */,
				3633C6051AE8D96C00CF18E2 /* AppDelegate.m */,
				3633C6071AE8D96C00CF18E2 /* ViewController.h */,
				3633C6081AE8D96C00CF18E2 /* ViewController.m */,
				3633C60A1AE8D96C00CF18E2 /* Main.storyboard */,
				3633C60D1AE8D96C00CF18E2 /* Images.xcassets */,
				3633C60F1AE8D96C00CF18E2 /* LaunchScreen.xib */,
				3633C6001AE8D96C00CF18E2 /* Supporting Files */,
			);
			path = MLSmoothCorner;
			sourceTree = "<group>";
		};
		3633C6001AE8D96C00CF18E2 /* Supporting Files */ = {
			isa = PBXGroup;
			children = (
				3633C6011AE8D96C00CF18E2 /* Info.plist */,
				3633C6021AE8D96C00CF18E2 /* main.m */,
			);
			name = "Supporting Files";
			sourceTree = "<group>";
		};
		3633C6191AE8D96C00CF18E2 /* MLSmoothCornerTests */ = {
			isa = PBXGroup;
			children = (
				3633C61C1AE8D96C00CF18E2 /* MLSmoothCornerTests.m */,
				3633C61A1AE8D96C00CF18E2 /* Supporting Files */,
			);
			path = MLSmoothCornerTests;
			sourceTree = "<group>";
		};
		3633C61A1AE8D96C00CF18E2 /* Supporting Files */ = {
			isa = PBXGroup;
			children = (
				3633C61B1AE8D96C00CF18E2 /* Info.plist */,
			);
			name = "Supporting Files";
			sourceTree = "<group>";
		};
/* End PBXGroup section */

/* Begin PBXNativeTarget section */
		3633C5FC1AE8D96C00CF18E2 /* MLSmoothCorner */ = {
			isa = PBXNativeTarget;
			buildConfigurationList = 3633C6201AE8D96C00CF18E2 /* Build configuration list for PBXNativeTarget "MLSmoothCorner" */;
			buildPhases = (
				3633C5F91AE8D96C00CF18E2 /* Sources */,
				3633C5FA1AE8D96C00CF18E2 /* Frameworks */,
				3633C5FB1AE8D96C00CF18E2 /* Resources */,
			);
			buildRules = (
			);
			dependencies = (
			);
			name = MLSmoothCorner;
			productName = MLSmoothCorner;
			productReference = 3633C5FD1AE8D96C00CF18E2 /* MLSmoothCorner.app */;
			productType = "com.apple.product-type.application";
		};
		3633C6151AE8D96C00CF18E2 /* MLSmoothCornerTests */ = {
			isa = PBXNativeTarget;
			buildConfigurationList = 3633C6231AE8D96C00CF18E2 /* Build configuration list for PBXNativeTarget "MLSmoothCornerTests" */;
			buildPhases = (
				3633C6121AE8D96C00CF18E2 /* Sources */,
				3633C6131AE8D96C00CF18E2 /* Frameworks */,
				3633C6141AE8D96C00CF18E2 /* Resources */,
			);
			buildRules = (
			);
			dependencies = (
				3633C6181AE8D96C00CF18E2 /* PBXTargetDependency */,
			);
			name = MLSmoothCornerTests;
			productName = MLSmoothCornerTests;
			productReference = 3633C6161AE8D96C00CF18E2 /* MLSmoothCornerTests.xctest */;
			productType = "com.apple.product-type.bundle.unit-test";
		};
/* End PBXNativeTarget section */

/* Begin PBXProject section */
		3633C5F51AE8D96C00CF18E2 /* Project object */ = {
			isa = PBXProject;
			attributes = {
				LastUpgradeCheck = 0630;
				ORGANIZATIONNAME = molon;
				TargetAttributes = {
					3633C5FC1AE8D96C00CF18E2 = {
						CreatedOnToolsVersion = 6.3;
					};
					3633C6151AE8D96C00CF18E2 = {
						CreatedOnToolsVersion = 6.3;
						TestTargetID = 3633C5FC1AE8D96C00CF18E2;
					};
				};
			};
			buildConfigurationList = 3633C5F81AE8D96C00CF18E2 /* Build configuration list for PBXProject "MLSmoothCorner" */;
			compatibilityVersion = "Xcode 3.2";
			developmentRegion = English;
			hasScannedForEncodings = 0;
			knownRegions = (
				en,
				Base,
			);
			mainGroup = 3633C5F41AE8D96C00CF18E2;
			productRefGroup = 3633C5FE1AE8D96C00CF18E2 /* Products */;
			projectDirPath = "";
			projectRoot = "";
			targets = (
				3633C5FC1AE8D96C00CF18E2 /* MLSmoothCorner */,
				3633C6151AE8D96C00CF18E2 /* MLSmoothCornerTests */,
			);
		};
/* End PBXProject section */

/* Begin PBXResourcesBuildPhase section */
		3633C5FB1AE8D96C00CF18E2 /* Resources */ = {
			isa = PBXResourcesBuildPhase;
			buildActionMask = 2147483647;
			files = (
				3633C60C1AE8D96C00CF18E2 /* Main.storyboard in Resources */,
				3633C6111AE8D96C00CF18E2 /* LaunchScreen.xib in Resources */,
				3633C60E1AE8D96C00CF18E2 /* Images.xcassets in Resources */,
			);
			runOnlyForDeploymentPostprocessing = 0;
		};
		3633C6141AE8D96C00CF18E2 /* Resources */ = {
			isa = PBXResourcesBuildPhase;
			buildActionMask = 2147483647;
			files = (
			);
			runOnlyForDeploymentPostprocessing = 0;
		};
/* End PBXResourcesBuildPhase section */

/* Begin PBXSourcesBuildPhase section */
		3633C5F91AE8D96C00CF18E2 /* Sources */ = {
			isa = PBXSourcesBuildPhase;
			buildActionMask = 2147483647;
			files = (
				3633C6091AE8D96C00CF18E2 /* ViewController.m in Sources */,
				3633C6061AE8D96C00CF18E2 /* AppDelegate.m in Sources */,
				3633C6031AE8D96C00CF18E2 /* main.m in Sources */,
			);
			runOnlyForDeploymentPostprocessing = 0;
		};
		3633C6121AE8D96C00CF18E2 /* Sources */ = {
			isa = PBXSourcesBuildPhase;
			buildActionMask = 2147483647;
			files = (
				3633C61D1AE8D96C00CF18E2 /* MLSmoothCornerTests.m in Sources */,
			);
			runOnlyForDeploymentPostprocessing = 0;
		};
/* End PBXSourcesBuildPhase section */

/* Begin PBXTargetDependency section */
		3633C6181AE8D96C00CF18E2 /* PBXTargetDependency */ = {
			isa = PBXTargetDependency;
			target = 3633C5FC1AE8D96C00CF18E2 /* MLSmoothCorner */;
			targetProxy = 3633C6171AE8D96C00CF18E2 /* PBXContainerItemProxy */;
		};
/* End PBXTargetDependency section */

/* Begin PBXVariantGroup section */
		3633C60A1AE8D96C00CF18E2 /* Main.storyboard */ = {
			isa = PBXVariantGroup;
			children = (
				3633C60B1AE8D96C00CF18E2 /* Base */,
			);
			name = Main.storyboard;
			sourceTree = "<group>";
		};
		3633C60F1AE8D96C00CF18E2 /* LaunchScreen.xib */ = {
			isa = PBXVariantGroup;
			children = (
				3633C6101AE8D96C00CF18E2 /* Base */,
			);
			name = LaunchScreen.xib;
			sourceTree = "<group>";
		};
/* End PBXVariantGroup section */

/* Begin XCBuildConfiguration section */
		3633C61E1AE8D96C00CF18E2 /* Debug */ = {
			isa = XCBuildConfiguration;
			buildSettings = {
				ALWAYS_SEARCH_USER_PATHS = NO;
				CLANG_CXX_LANGUAGE_STANDARD = "gnu++0x";
				CLANG_CXX_LIBRARY = "libc++";
				CLANG_ENABLE_MODULES = YES;
				CLANG_ENABLE_OBJC_ARC = YES;
				CLANG_WARN_BOOL_CONVERSION = YES;
				CLANG_WARN_CONSTANT_CONVERSION = YES;
				CLANG_WARN_DIRECT_OBJC_ISA_USAGE = YES_ERROR;
				CLANG_WARN_EMPTY_BODY = YES;
				CLANG_WARN_ENUM_CONVERSION = YES;
				CLANG_WARN_INT_CONVERSION = YES;
				CLANG_WARN_OBJC_ROOT_CLASS = YES_ERROR;
				CLANG_WARN_UNREACHABLE_CODE = YES;
				CLANG_WARN__DUPLICATE_METHOD_MATCH = YES;
				"CODE_SIGN_IDENTITY[sdk=iphoneos*]" = "iPhone Developer";
				COPY_PHASE_STRIP = NO;
				DEBUG_INFORMATION_FORMAT = "dwarf-with-dsym";
				ENABLE_STRICT_OBJC_MSGSEND = YES;
				GCC_C_LANGUAGE_STANDARD = gnu99;
				GCC_DYNAMIC_NO_PIC = NO;
				GCC_NO_COMMON_BLOCKS = YES;
				GCC_OPTIMIZATION_LEVEL = 0;
				GCC_PREPROCESSOR_DEFINITIONS = (
					"DEBUG=1",
					"$(inherited)",
				);
				GCC_SYMBOLS_PRIVATE_EXTERN = NO;
				GCC_WARN_64_TO_32_BIT_CONVERSION = YES;
				GCC_WARN_ABOUT_RETURN_TYPE = YES_ERROR;
				GCC_WARN_UNDECLARED_SELECTOR = YES;
				GCC_WARN_UNINITIALIZED_AUTOS = YES_AGGRESSIVE;
				GCC_WARN_UNUSED_FUNCTION = YES;
				GCC_WARN_UNUSED_VARIABLE = YES;
				IPHONEOS_DEPLOYMENT_TARGET = 8.3;
				MTL_ENABLE_DEBUG_INFO = YES;
				ONLY_ACTIVE_ARCH = YES;
				SDKROOT = iphoneos;
			};
			name = Debug;
		};
		3633C61F1AE8D96C00CF18E2 /* Release */ = {
			isa = XCBuildConfiguration;
			buildSettings = {
				ALWAYS_SEARCH_USER_PATHS = NO;
				CLANG_CXX_LANGUAGE_STANDARD = "gnu++0x";
				CLANG_CXX_LIBRARY = "libc++";
				CLANG_ENABLE_MODULES = YES;
				CLANG_ENABLE_OBJC_ARC = YES;
				CLANG_WARN_BOOL_CONVERSION = YES;
				CLANG_WARN_CONSTANT_CONVERSION = YES;
				CLANG_WARN_DIRECT_OBJC_ISA_USAGE = YES_ERROR;
				CLANG_WARN_EMPTY_BODY = YES;
				CLANG_WARN_ENUM_CONVERSION = YES;
				CLANG_WARN_INT_CONVERSION = YES;
				CLANG_WARN_OBJC_ROOT_CLASS = YES_ERROR;
				CLANG_WARN_UNREACHABLE_CODE = YES;
				CLANG_WARN__DUPLICATE_METHOD_MATCH = YES;
				"CODE_SIGN_IDENTITY[sdk=iphoneos*]" = "iPhone Developer";
				COPY_PHASE_STRIP = NO;
				DEBUG_INFORMATION_FORMAT = "dwarf-with-dsym";
				ENABLE_NS_ASSERTIONS = NO;
				ENABLE_STRICT_OBJC_MSGSEND = YES;
				GCC_C_LANGUAGE_STANDARD = gnu99;
				GCC_NO_COMMON_BLOCKS = YES;
				GCC_WARN_64_TO_32_BIT_CONVERSION = YES;
				GCC_WARN_ABOUT_RETURN_TYPE = YES_ERROR;
				GCC_WARN_UNDECLARED_SELECTOR = YES;
				GCC_WARN_UNINITIALIZED_AUTOS = YES_AGGRESSIVE;
				GCC_WARN_UNUSED_FUNCTION = YES;
				GCC_WARN_UNUSED_VARIABLE = YES;
				IPHONEOS_DEPLOYMENT_TARGET = 8.3;
				MTL_ENABLE_DEBUG_INFO = NO;
				SDKROOT = iphoneos;
				VALIDATE_PRODUCT = YES;
			};
			name = Release;
		};
		3633C6211AE8D96C00CF18E2 /* Debug */ = {
			isa = XCBuildConfiguration;
			buildSettings = {
				ASSETCATALOG_COMPILER_APPICON_NAME = AppIcon;
				INFOPLIST_FILE = MLSmoothCorner/Info.plist;
				LD_RUNPATH_SEARCH_PATHS = "$(inherited) @executable_path/Frameworks";
				PRODUCT_NAME = "$(TARGET_NAME)";
			};
			name = Debug;
		};
		3633C6221AE8D96C00CF18E2 /* Release */ = {
			isa = XCBuildConfiguration;
			buildSettings = {
				ASSETCATALOG_COMPILER_APPICON_NAME = AppIcon;
				INFOPLIST_FILE = MLSmoothCorner/Info.plist;
				LD_RUNPATH_SEARCH_PATHS = "$(inherited) @executable_path/Frameworks";
				PRODUCT_NAME = "$(TARGET_NAME)";
			};
			name = Release;
		};
		3633C6241AE8D96C00CF18E2 /* Debug */ = {
			isa = XCBuildConfiguration;
			buildSettings = {
				BUNDLE_LOADER = "$(TEST_HOST)";
				FRAMEWORK_SEARCH_PATHS = (
					"$(SDKROOT)/Developer/Library/Frameworks",
					"$(inherited)",
				);
				GCC_PREPROCESSOR_DEFINITIONS = (
					"DEBUG=1",
					"$(inherited)",
				);
				INFOPLIST_FILE = MLSmoothCornerTests/Info.plist;
				LD_RUNPATH_SEARCH_PATHS = "$(inherited) @executable_path/Frameworks @loader_path/Frameworks";
				PRODUCT_NAME = "$(TARGET_NAME)";
				TEST_HOST = "$(BUILT_PRODUCTS_DIR)/MLSmoothCorner.app/MLSmoothCorner";
			};
			name = Debug;
		};
		3633C6251AE8D96C00CF18E2 /* Release */ = {
			isa = XCBuildConfiguration;
			buildSettings = {
				BUNDLE_LOADER = "$(TEST_HOST)";
				FRAMEWORK_SEARCH_PATHS = (
					"$(SDKROOT)/Developer/Library/Frameworks",
					"$(inherited)",
				);
				INFOPLIST_FILE = MLSmoothCornerTests/Info.plist;
				LD_RUNPATH_SEARCH_PATHS = "$(inherited) @executable_path/Frameworks @loader_path/Frameworks";
				PRODUCT_NAME = "$(TARGET_NAME)";
				TEST_HOST = "$(BUILT_PRODUCTS_DIR)/MLSmoothCorner.app/MLSmoothCorner";
			};
			name = Release;
		};
/* End XCBuildConfiguration section */

/* Begin XCConfigurationList section */
		3633C5F81AE8D96C00CF18E2 /* Build configuration list for PBXProject "MLSmoothCorner" */ = {
			isa = XCConfigurationList;
			buildConfigurations = (
				3633C61E1AE8D96C00CF18E2 /* Debug */,
				3633C61F1AE8D96C00CF18E2 /* Release */,
			);
			defaultConfigurationIsVisible = 0;
			defaultConfigurationName = Release;
		};
		3633C6201AE8D96C00CF18E2 /* Build configuration list for PBXNativeTarget "MLSmoothCorner" */ = {
			isa = XCConfigurationList;
			buildConfigurations = (
				3633C6211AE8D96C00CF18E2 /* Debug */,
				3633C6221AE8D96C00CF18E2 /* Release */,
			);
			defaultConfigurationIsVisible = 0;
		};
		3633C6231AE8D96C00CF18E2 /* Build configuration list for PBXNativeTarget "MLSmoothCornerTests" */ = {
			isa = XCConfigurationList;
			buildConfigurations = (
				3633C6241AE8D96C00CF18E2 /* Debug */,
				3633C6251AE8D96C00CF18E2 /* Release */,
			);
			defaultConfigurationIsVisible = 0;
		};
/* End XCConfigurationList section */
	};
	rootObject = 3633C5F51AE8D96C00CF18E2 /* Project object */;
}
